
Microsoft Visual Studio Solution File, Format Version 12.00
# Visual Studio Version 16
VisualStudioVersion = 16.0.30621.155
MinimumVisualStudioVersion = 10.0.40219.1
Project("{FAE04EC0-301F-11D3-BF4B-00C04F79EFBC}") = "Car", "Car\Car.csproj", "{7E4F1372-88B7-4288-A434-F3BB3DAC9A81}"
EndProject
Global
	GlobalSection(SolutionConfigurationPlatforms) = preSolution
		Debug|Any CPU = Debug|Any CPU
		Release|Any CPU = Release|Any CPU
	EndGlobalSection
	GlobalSection(ProjectConfigurationPlatforms) = postSolution
		{7E4F1372-88B7-4288-A434-F3BB3DAC9A81}.Debug|Any CPU.ActiveCfg = Debug|Any CPU
		{7E4F1372-88B7-4288-A434-F3BB3DAC9A81}.Debug|Any CPU.Build.0 = Debug|Any CPU
		{7E4F1372-88B7-4288-A434-F3BB3DAC9A81}.Release|Any CPU.ActiveCfg = Release|Any CPU
		{7E4F1372-88B7-4288-A434-F3BB3DAC9A81}.Release|Any CPU.Build.0 = Release|Any CPU
	EndGlobalSection
	GlobalSection(SolutionProperties) = preSolution
		HideSolutionNode = FALSE
	EndGlobalSection
	GlobalSection(ExtensibilityGlobals) = postSolution
		SolutionGuid = {8E7B8ED3-B81B-4B58-907B-765E71C1817B}
	EndGlobalSection
EndGlobal
